// !$*UTF8*$!
{
	archiveVersion = 1;
	classes = {
	};
	objectVersion = 46;
	objects = {

/* Begin PBXBuildFile section */
		1A49AEA61BBD5D4F00E9A2BD /* AppDelegate.swift in Sources */ = {isa = PBXBuildFile; fileRef = 1A49AEA51BBD5D4F00E9A2BD /* AppDelegate.swift */; };
		1A49AEA81BBD5D4F00E9A2BD /* ViewController.swift in Sources */ = {isa = PBXBuildFile; fileRef = 1A49AEA71BBD5D4F00E9A2BD /* ViewController.swift */; };
		1A49AEAB1BBD5D4F00E9A2BD /* Main.storyboard in Resources */ = {isa = PBXBuildFile; fileRef = 1A49AEA91BBD5D4F00E9A2BD /* Main.storyboard */; };
		1A49AEAD1BBD5D4F00E9A2BD /* Assets.xcassets in Resources */ = {isa = PBXBuildFile; fileRef = 1A49AEAC1BBD5D4F00E9A2BD /* Assets.xcassets */; };
		1A49AEB01BBD5D4F00E9A2BD /* LaunchScreen.storyboard in Resources */ = {isa = PBXBuildFile; fileRef = 1A49AEAE1BBD5D4F00E9A2BD /* LaunchScreen.storyboard */; };
		1A49AEBB1BBD5D4F00E9A2BD /* TDDTTTTests.swift in Sources */ = {isa = PBXBuildFile; fileRef = 1A49AEBA1BBD5D4F00E9A2BD /* TDDTTTTests.swift */; };
		1A49AEC61BBD5D4F00E9A2BD /* TDDTTTUITests.swift in Sources */ = {isa = PBXBuildFile; fileRef = 1A49AEC51BBD5D4F00E9A2BD /* TDDTTTUITests.swift */; };
/* End PBXBuildFile section */

/* Begin PBXContainerItemProxy section */
		1A49AEB71BBD5D4F00E9A2BD /* PBXContainerItemProxy */ = {
			isa = PBXContainerItemProxy;
			containerPortal = 1A49AE9A1BBD5D4F00E9A2BD /* Project object */;
			proxyType = 1;
			remoteGlobalIDString = 1A49AEA11BBD5D4F00E9A2BD;
			remoteInfo = TDDTTT;
		};
		1A49AEC21BBD5D4F00E9A2BD /* PBXContainerItemProxy */ = {
			isa = PBXContainerItemProxy;
			containerPortal = 1A49AE9A1BBD5D4F00E9A2BD /* Project object */;
			proxyType = 1;
			remoteGlobalIDString = 1A49AEA11BBD5D4F00E9A2BD;
			remoteInfo = TDDTTT;
		};
/* End PBXContainerItemProxy section */

/* Begin PBXFileReference section */
		1A49AEA21BBD5D4F00E9A2BD /* TDDTTT.app */ = {isa = PBXFileReference; explicitFileType = wrapper.application; includeInIndex = 0; path = TDDTTT.app; sourceTree = BUILT_PRODUCTS_DIR; };
		1A49AEA51BBD5D4F00E9A2BD /* AppDelegate.swift */ = {isa = PBXFileReference; lastKnownFileType = sourcecode.swift; path = AppDelegate.swift; sourceTree = "<group>"; };
		1A49AEA71BBD5D4F00E9A2BD /* ViewController.swift */ = {isa = PBXFileReference; lastKnownFileType = sourcecode.swift; path = ViewController.swift; sourceTree = "<group>"; };
		1A49AEAA1BBD5D4F00E9A2BD /* Base */ = {isa = PBXFileReference; lastKnownFileType = file.storyboard; name = Base; path = Base.lproj/Main.storyboard; sourceTree = "<group>"; };
		1A49AEAC1BBD5D4F00E9A2BD /* Assets.xcassets */ = {isa = PBXFileReference; lastKnownFileType = folder.assetcatalog; path = Assets.xcassets; sourceTree = "<group>"; };
		1A49AEAF1BBD5D4F00E9A2BD /* Base */ = {isa = PBXFileReference; lastKnownFileType = file.storyboard; name = Base; path = Base.lproj/LaunchScreen.storyboard; sourceTree = "<group>"; };
		1A49AEB11BBD5D4F00E9A2BD /* Info.plist */ = {isa = PBXFileReference; lastKnownFileType = text.plist.xml; path = Info.plist; sourceTree = "<group>"; };
		1A49AEB61BBD5D4F00E9A2BD /* TDDTTTTests.xctest */ = {isa = PBXFileReference; explicitFileType = wrapper.cfbundle; includeInIndex = 0; path = TDDTTTTests.xctest; sourceTree = BUILT_PRODUCTS_DIR; };
		1A49AEBA1BBD5D4F00E9A2BD /* TDDTTTTests.swift */ = {isa = PBXFileReference; lastKnownFileType = sourcecode.swift; path = TDDTTTTests.swift; sourceTree = "<group>"; };
		1A49AEBC1BBD5D4F00E9A2BD /* Info.plist */ = {isa = PBXFileReference; lastKnownFileType = text.plist.xml; path = Info.plist; sourceTree = "<group>"; };
		1A49AEC11BBD5D4F00E9A2BD /* TDDTTTUITests.xctest */ = {isa = PBXFileReference; explicitFileType = wrapper.cfbundle; includeInIndex = 0; path = TDDTTTUITests.xctest; sourceTree = BUILT_PRODUCTS_DIR; };
		1A49AEC51BBD5D4F00E9A2BD /* TDDTTTUITests.swift */ = {isa = PBXFileReference; lastKnownFileType = sourcecode.swift; path = TDDTTTUITests.swift; sourceTree = "<group>"; };
		1A49AEC71BBD5D4F00E9A2BD /* Info.plist */ = {isa = PBXFileReference; lastKnownFileType = text.plist.xml; path = Info.plist; sourceTree = "<group>"; };
/* End PBXFileReference section */

/* Begin PBXFrameworksBuildPhase section */
		1A49AE9F1BBD5D4F00E9A2BD /* Frameworks */ = {
			isa = PBXFrameworksBuildPhase;
			buildActionMask = 2147483647;
			files = (
			);
			runOnlyForDeploymentPostprocessing = 0;
		};
		1A49AEB31BBD5D4F00E9A2BD /* Frameworks */ = {
			isa = PBXFrameworksBuildPhase;
			buildActionMask = 2147483647;
			files = (
			);
			runOnlyForDeploymentPostprocessing = 0;
		};
		1A49AEBE1BBD5D4F00E9A2BD /* Frameworks */ = {
			isa = PBXFrameworksBuildPhase;
			buildActionMask = 2147483647;
			files = (
			);
			runOnlyForDeploymentPostprocessing = 0;
		};
/* End PBXFrameworksBuildPhase section */

/* Begin PBXGroup section */
		1A49AE991BBD5D4F00E9A2BD = {
			isa = PBXGroup;
			children = (
				1A49AEA41BBD5D4F00E9A2BD /* TDDTTT */,
				1A49AEB91BBD5D4F00E9A2BD /* TDDTTTTests */,
				1A49AEC41BBD5D4F00E9A2BD /* TDDTTTUITests */,
				1A49AEA31BBD5D4F00E9A2BD /* Products */,
			);
			sourceTree = "<group>";
		};
		1A49AEA31BBD5D4F00E9A2BD /* Products */ = {
			isa = PBXGroup;
			children = (
				1A49AEA21BBD5D4F00E9A2BD /* TDDTTT.app */,
				1A49AEB61BBD5D4F00E9A2BD /* TDDTTTTests.xctest */,
				1A49AEC11BBD5D4F00E9A2BD /* TDDTTTUITests.xctest */,
			);
			name = Products;
			sourceTree = "<group>";
		};
		1A49AEA41BBD5D4F00E9A2BD /* TDDTTT */ = {
			isa = PBXGroup;
			children = (
				1A49AEA51BBD5D4F00E9A2BD /* AppDelegate.swift */,
				1A49AEA71BBD5D4F00E9A2BD /* ViewController.swift */,
				1A49AEA91BBD5D4F00E9A2BD /* Main.storyboard */,
				1A49AEAC1BBD5D4F00E9A2BD /* Assets.xcassets */,
				1A49AEAE1BBD5D4F00E9A2BD /* LaunchScreen.storyboard */,
				1A49AEB11BBD5D4F00E9A2BD /* Info.plist */,
			);
			path = TDDTTT;
			sourceTree = "<group>";
		};
		1A49AEB91BBD5D4F00E9A2BD /* TDDTTTTests */ = {
			isa = PBXGroup;
			children = (
				1A49AEBA1BBD5D4F00E9A2BD /* TDDTTTTests.swift */,
				1A49AEBC1BBD5D4F00E9A2BD /* Info.plist */,
			);
			path = TDDTTTTests;
			sourceTree = "<group>";
		};
		1A49AEC41BBD5D4F00E9A2BD /* TDDTTTUITests */ = {
			isa = PBXGroup;
			children = (
				1A49AEC51BBD5D4F00E9A2BD /* TDDTTTUITests.swift */,
				1A49AEC71BBD5D4F00E9A2BD /* Info.plist */,
			);
			path = TDDTTTUITests;
			sourceTree = "<group>";
		};
/* End PBXGroup section */

/* Begin PBXNativeTarget section */
		1A49AEA11BBD5D4F00E9A2BD /* TDDTTT */ = {
			isa = PBXNativeTarget;
			buildConfigurationList = 1A49AECA1BBD5D4F00E9A2BD /* Build configuration list for PBXNativeTarget "TDDTTT" */;
			buildPhases = (
				1A49AE9E1BBD5D4F00E9A2BD /* Sources */,
				1A49AE9F1BBD5D4F00E9A2BD /* Frameworks */,
				1A49AEA01BBD5D4F00E9A2BD /* Resources */,
			);
			buildRules = (
			);
			dependencies = (
			);
			name = TDDTTT;
			productName = TDDTTT;
			productReference = 1A49AEA21BBD5D4F00E9A2BD /* TDDTTT.app */;
			productType = "com.apple.product-type.application";
		};
		1A49AEB51BBD5D4F00E9A2BD /* TDDTTTTests */ = {
			isa = PBXNativeTarget;
			buildConfigurationList = 1A49AECD1BBD5D4F00E9A2BD /* Build configuration list for PBXNativeTarget "TDDTTTTests" */;
			buildPhases = (
				1A49AEB21BBD5D4F00E9A2BD /* Sources */,
				1A49AEB31BBD5D4F00E9A2BD /* Frameworks */,
				1A49AEB41BBD5D4F00E9A2BD /* Resources */,
			);
			buildRules = (
			);
			dependencies = (
				1A49AEB81BBD5D4F00E9A2BD /* PBXTargetDependency */,
			);
			name = TDDTTTTests;
			productName = TDDTTTTests;
			productReference = 1A49AEB61BBD5D4F00E9A2BD /* TDDTTTTests.xctest */;
			productType = "com.apple.product-type.bundle.unit-test";
		};
		1A49AEC01BBD5D4F00E9A2BD /* TDDTTTUITests */ = {
			isa = PBXNativeTarget;
			buildConfigurationList = 1A49AED01BBD5D4F00E9A2BD /* Build configuration list for PBXNativeTarget "TDDTTTUITests" */;
			buildPhases = (
				1A49AEBD1BBD5D4F00E9A2BD /* Sources */,
				1A49AEBE1BBD5D4F00E9A2BD /* Frameworks */,
				1A49AEBF1BBD5D4F00E9A2BD /* Resources */,
			);
			buildRules = (
			);
			dependencies = (
				1A49AEC31BBD5D4F00E9A2BD /* PBXTargetDependency */,
			);
			name = TDDTTTUITests;
			productName = TDDTTTUITests;
			productReference = 1A49AEC11BBD5D4F00E9A2BD /* TDDTTTUITests.xctest */;
			productType = "com.apple.product-type.bundle.ui-testing";
		};
/* End PBXNativeTarget section */

/* Begin PBXProject section */
		1A49AE9A1BBD5D4F00E9A2BD /* Project object */ = {
			isa = PBXProject;
			attributes = {
				LastUpgradeCheck = 0700;
				ORGANIZATIONNAME = "Yvette Cook";
				TargetAttributes = {
					1A49AEA11BBD5D4F00E9A2BD = {
						CreatedOnToolsVersion = 7.0.1;
					};
					1A49AEB51BBD5D4F00E9A2BD = {
						CreatedOnToolsVersion = 7.0.1;
						TestTargetID = 1A49AEA11BBD5D4F00E9A2BD;
					};
					1A49AEC01BBD5D4F00E9A2BD = {
						CreatedOnToolsVersion = 7.0.1;
						TestTargetID = 1A49AEA11BBD5D4F00E9A2BD;
					};
				};
			};
			buildConfigurationList = 1A49AE9D1BBD5D4F00E9A2BD /* Build configuration list for PBXProject "TDDTTT" */;
			compatibilityVersion = "Xcode 3.2";
			developmentRegion = English;
			hasScannedForEncodings = 0;
			knownRegions = (
				en,
				Base,
			);
			mainGroup = 1A49AE991BBD5D4F00E9A2BD;
			productRefGroup = 1A49AEA31BBD5D4F00E9A2BD /* Products */;
			projectDirPath = "";
			projectRoot = "";
			targets = (
				1A49AEA11BBD5D4F00E9A2BD /* TDDTTT */,
				1A49AEB51BBD5D4F00E9A2BD /* TDDTTTTests */,
				1A49AEC01BBD5D4F00E9A2BD /* TDDTTTUITests */,
			);
		};
/* End PBXProject section */

/* Begin PBXResourcesBuildPhase section */
		1A49AEA01BBD5D4F00E9A2BD /* Resources */ = {
			isa = PBXResourcesBuildPhase;
			buildActionMask = 2147483647;
			files = (
				1A49AEB01BBD5D4F00E9A2BD /* LaunchScreen.storyboard in Resources */,
				1A49AEAD1BBD5D4F00E9A2BD /* Assets.xcassets in Resources */,
				1A49AEAB1BBD5D4F00E9A2BD /* Main.storyboard in Resources */,
			);
			runOnlyForDeploymentPostprocessing = 0;
		};
		1A49AEB41BBD5D4F00E9A2BD /* Resources */ = {
			isa = PBXResourcesBuildPhase;
			buildActionMask = 2147483647;
			files = (
			);
			runOnlyForDeploymentPostprocessing = 0;
		};
		1A49AEBF1BBD5D4F00E9A2BD /* Resources */ = {
			isa = PBXResourcesBuildPhase;
			buildActionMask = 2147483647;
			files = (
			);
			runOnlyForDeploymentPostprocessing = 0;
		};
/* End PBXResourcesBuildPhase section */

/* Begin PBXSourcesBuildPhase section */
		1A49AE9E1BBD5D4F00E9A2BD /* Sources */ = {
			isa = PBXSourcesBuildPhase;
			buildActionMask = 2147483647;
			files = (
				1A49AEA81BBD5D4F00E9A2BD /* ViewController.swift in Sources */,
				1A49AEA61BBD5D4F00E9A2BD /* AppDelegate.swift in Sources */,
			);
			runOnlyForDeploymentPostprocessing = 0;
		};
		1A49AEB21BBD5D4F00E9A2BD /* Sources */ = {
			isa = PBXSourcesBuildPhase;
			buildActionMask = 2147483647;
			files = (
				1A49AEBB1BBD5D4F00E9A2BD /* TDDTTTTests.swift in Sources */,
			);
			runOnlyForDeploymentPostprocessing = 0;
		};
		1A49AEBD1BBD5D4F00E9A2BD /* Sources */ = {
			isa = PBXSourcesBuildPhase;
			buildActionMask = 2147483647;
			files = (
				1A49AEC61BBD5D4F00E9A2BD /* TDDTTTUITests.swift in Sources */,
			);
			runOnlyForDeploymentPostprocessing = 0;
		};
/* End PBXSourcesBuildPhase section */

/* Begin PBXTargetDependency section */
		1A49AEB81BBD5D4F00E9A2BD /* PBXTargetDependency */ = {
			isa = PBXTargetDependency;
			target = 1A49AEA11BBD5D4F00E9A2BD /* TDDTTT */;
			targetProxy = 1A49AEB71BBD5D4F00E9A2BD /* PBXContainerItemProxy */;
		};
		1A49AEC31BBD5D4F00E9A2BD /* PBXTargetDependency */ = {
			isa = PBXTargetDependency;
			target = 1A49AEA11BBD5D4F00E9A2BD /* TDDTTT */;
			targetProxy = 1A49AEC21BBD5D4F00E9A2BD /* PBXContainerItemProxy */;
		};
/* End PBXTargetDependency section */

/* Begin PBXVariantGroup section */
		1A49AEA91BBD5D4F00E9A2BD /* Main.storyboard */ = {
			isa = PBXVariantGroup;
			children = (
				1A49AEAA1BBD5D4F00E9A2BD /* Base */,
			);
			name = Main.storyboard;
			sourceTree = "<group>";
		};
		1A49AEAE1BBD5D4F00E9A2BD /* LaunchScreen.storyboard */ = {
			isa = PBXVariantGroup;
			children = (
				1A49AEAF1BBD5D4F00E9A2BD /* Base */,
			);
			name = LaunchScreen.storyboard;
			sourceTree = "<group>";
		};
/* End PBXVariantGroup section */

/* Begin XCBuildConfiguration section */
		1A49AEC81BBD5D4F00E9A2BD /* Debug */ = {
			isa = XCBuildConfiguration;
			buildSettings = {
				ALWAYS_SEARCH_USER_PATHS = NO;
				CLANG_CXX_LANGUAGE_STANDARD = "gnu++0x";
				CLANG_CXX_LIBRARY = "libc++";
				CLANG_ENABLE_MODULES = YES;
				CLANG_ENABLE_OBJC_ARC = YES;
				CLANG_WARN_BOOL_CONVERSION = YES;
				CLANG_WARN_CONSTANT_CONVERSION = YES;
				CLANG_WARN_DIRECT_OBJC_ISA_USAGE = YES_ERROR;
				CLANG_WARN_EMPTY_BODY = YES;
				CLANG_WARN_ENUM_CONVERSION = YES;
				CLANG_WARN_INT_CONVERSION = YES;
				CLANG_WARN_OBJC_ROOT_CLASS = YES_ERROR;
				CLANG_WARN_UNREACHABLE_CODE = YES;
				CLANG_WARN__DUPLICATE_METHOD_MATCH = YES;
				"CODE_SIGN_IDENTITY[sdk=iphoneos*]" = "iPhone Developer";
				COPY_PHASE_STRIP = NO;
				DEBUG_INFORMATION_FORMAT = dwarf;
				ENABLE_STRICT_OBJC_MSGSEND = YES;
				ENABLE_TESTABILITY = YES;
				GCC_C_LANGUAGE_STANDARD = gnu99;
				GCC_DYNAMIC_NO_PIC = NO;
				GCC_NO_COMMON_BLOCKS = YES;
				GCC_OPTIMIZATION_LEVEL = 0;
				GCC_PREPROCESSOR_DEFINITIONS = (
					"DEBUG=1",
					"$(inherited)",
				);
				GCC_WARN_64_TO_32_BIT_CONVERSION = YES;
				GCC_WARN_ABOUT_RETURN_TYPE = YES_ERROR;
				GCC_WARN_UNDECLARED_SELECTOR = YES;
				GCC_WARN_UNINITIALIZED_AUTOS = YES_AGGRESSIVE;
				GCC_WARN_UNUSED_FUNCTION = YES;
				GCC_WARN_UNUSED_VARIABLE = YES;
				IPHONEOS_DEPLOYMENT_TARGET = 9.0;
				MTL_ENABLE_DEBUG_INFO = YES;
				ONLY_ACTIVE_ARCH = YES;
				SDKROOT = iphoneos;
				SWIFT_OPTIMIZATION_LEVEL = "-Onone";
				TARGETED_DEVICE_FAMILY = "1,2";
			};
			name = Debug;
		};
		1A49AEC91BBD5D4F00E9A2BD /* Release */ = {
			isa = XCBuildConfiguration;
			buildSettings = {
				ALWAYS_SEARCH_USER_PATHS = NO;
				CLANG_CXX_LANGUAGE_STANDARD = "gnu++0x";
				CLANG_CXX_LIBRARY = "libc++";
				CLANG_ENABLE_MODULES = YES;
				CLANG_ENABLE_OBJC_ARC = YES;
				CLANG_WARN_BOOL_CONVERSION = YES;
				CLANG_WARN_CONSTANT_CONVERSION = YES;
				CLANG_WARN_DIRECT_OBJC_ISA_USAGE = YES_ERROR;
				CLANG_WARN_EMPTY_BODY = YES;
				CLANG_WARN_ENUM_CONVERSION = YES;
				CLANG_WARN_INT_CONVERSION = YES;
				CLANG_WARN_OBJC_ROOT_CLASS = YES_ERROR;
				CLANG_WARN_UNREACHABLE_CODE = YES;
				CLANG_WARN__DUPLICATE_METHOD_MATCH = YES;
				"CODE_SIGN_IDENTITY[sdk=iphoneos*]" = "iPhone Developer";
				COPY_PHASE_STRIP = NO;
				DEBUG_INFORMATION_FORMAT = "dwarf-with-dsym";
				ENABLE_NS_ASSERTIONS = NO;
				ENABLE_STRICT_OBJC_MSGSEND = YES;
				GCC_C_LANGUAGE_STANDARD = gnu99;
				GCC_NO_COMMON_BLOCKS = YES;
				GCC_WARN_64_TO_32_BIT_CONVERSION = YES;
				GCC_WARN_ABOUT_RETURN_TYPE = YES_ERROR;
				GCC_WARN_UNDECLARED_SELECTOR = YES;
				GCC_WARN_UNINITIALIZED_AUTOS = YES_AGGRESSIVE;
				GCC_WARN_UNUSED_FUNCTION = YES;
				GCC_WARN_UNUSED_VARIABLE = YES;
				IPHONEOS_DEPLOYMENT_TARGET = 9.0;
				MTL_ENABLE_DEBUG_INFO = NO;
				SDKROOT = iphoneos;
				TARGETED_DEVICE_FAMILY = "1,2";
				VALIDATE_PRODUCT = YES;
			};
			name = Release;
		};
		1A49AECB1BBD5D4F00E9A2BD /* Debug */ = {
			isa = XCBuildConfiguration;
			buildSettings = {
				ASSETCATALOG_COMPILER_APPICON_NAME = AppIcon;
				INFOPLIST_FILE = TDDTTT/Info.plist;
				LD_RUNPATH_SEARCH_PATHS = "$(inherited) @executable_path/Frameworks";
				PRODUCT_BUNDLE_IDENTIFIER = co.yvettecook.TDDTTT;
				PRODUCT_NAME = "$(TARGET_NAME)";
			};
			name = Debug;
		};
		1A49AECC1BBD5D4F00E9A2BD /* Release */ = {
			isa = XCBuildConfiguration;
			buildSettings = {
				ASSETCATALOG_COMPILER_APPICON_NAME = AppIcon;
				INFOPLIST_FILE = TDDTTT/Info.plist;
				LD_RUNPATH_SEARCH_PATHS = "$(inherited) @executable_path/Frameworks";
				PRODUCT_BUNDLE_IDENTIFIER = co.yvettecook.TDDTTT;
				PRODUCT_NAME = "$(TARGET_NAME)";
			};
			name = Release;
		};
		1A49AECE1BBD5D4F00E9A2BD /* Debug */ = {
			isa = XCBuildConfiguration;
			buildSettings = {
				BUNDLE_LOADER = "$(TEST_HOST)";
				INFOPLIST_FILE = TDDTTTTests/Info.plist;
				LD_RUNPATH_SEARCH_PATHS = "$(inherited) @executable_path/Frameworks @loader_path/Frameworks";
				PRODUCT_BUNDLE_IDENTIFIER = co.yvettecook.TDDTTTTests;
				PRODUCT_NAME = "$(TARGET_NAME)";
				TEST_HOST = "$(BUILT_PRODUCTS_DIR)/TDDTTT.app/TDDTTT";
			};
			name = Debug;
		};
		1A49AECF1BBD5D4F00E9A2BD /* Release */ = {
			isa = XCBuildConfiguration;
			buildSettings = {
				BUNDLE_LOADER = "$(TEST_HOST)";
				INFOPLIST_FILE = TDDTTTTests/Info.plist;
				LD_RUNPATH_SEARCH_PATHS = "$(inherited) @executable_path/Frameworks @loader_path/Frameworks";
				PRODUCT_BUNDLE_IDENTIFIER = co.yvettecook.TDDTTTTests;
				PRODUCT_NAME = "$(TARGET_NAME)";
				TEST_HOST = "$(BUILT_PRODUCTS_DIR)/TDDTTT.app/TDDTTT";
			};
			name = Release;
		};
		1A49AED11BBD5D4F00E9A2BD /* Debug */ = {
			isa = XCBuildConfiguration;
			buildSettings = {
				INFOPLIST_FILE = TDDTTTUITests/Info.plist;
				LD_RUNPATH_SEARCH_PATHS = "$(inherited) @executable_path/Frameworks @loader_path/Frameworks";
				PRODUCT_BUNDLE_IDENTIFIER = co.yvettecook.TDDTTTUITests;
				PRODUCT_NAME = "$(TARGET_NAME)";
				TEST_TARGET_NAME = TDDTTT;
				USES_XCTRUNNER = YES;
			};
			name = Debug;
		};
		1A49AED21BBD5D4F00E9A2BD /* Release */ = {
			isa = XCBuildConfiguration;
			buildSettings = {
				INFOPLIST_FILE = TDDTTTUITests/Info.plist;
				LD_RUNPATH_SEARCH_PATHS = "$(inherited) @executable_path/Frameworks @loader_path/Frameworks";
				PRODUCT_BUNDLE_IDENTIFIER = co.yvettecook.TDDTTTUITests;
				PRODUCT_NAME = "$(TARGET_NAME)";
				TEST_TARGET_NAME = TDDTTT;
				USES_XCTRUNNER = YES;
			};
			name = Release;
		};
/* End XCBuildConfiguration section */

/* Begin XCConfigurationList section */
		1A49AE9D1BBD5D4F00E9A2BD /* Build configuration list for PBXProject "TDDTTT" */ = {
			isa = XCConfigurationList;
			buildConfigurations = (
				1A49AEC81BBD5D4F00E9A2BD /* Debug */,
				1A49AEC91BBD5D4F00E9A2BD /* Release */,
			);
			defaultConfigurationIsVisible = 0;
			defaultConfigurationName = Release;
		};
		1A49AECA1BBD5D4F00E9A2BD /* Build configuration list for PBXNativeTarget "TDDTTT" */ = {
			isa = XCConfigurationList;
			buildConfigurations = (
				1A49AECB1BBD5D4F00E9A2BD /* Debug */,
				1A49AECC1BBD5D4F00E9A2BD /* Release */,
			);
			defaultConfigurationIsVisible = 0;
		};
		1A49AECD1BBD5D4F00E9A2BD /* Build configuration list for PBXNativeTarget "TDDTTTTests" */ = {
			isa = XCConfigurationList;
			buildConfigurations = (
				1A49AECE1BBD5D4F00E9A2BD /* Debug */,
				1A49AECF1BBD5D4F00E9A2BD /* Release */,
			);
			defaultConfigurationIsVisible = 0;
		};
		1A49AED01BBD5D4F00E9A2BD /* Build configuration list for PBXNativeTarget "TDDTTTUITests" */ = {
			isa = XCConfigurationList;
			buildConfigurations = (
				1A49AED11BBD5D4F00E9A2BD /* Debug */,
				1A49AED21BBD5D4F00E9A2BD /* Release */,
			);
			defaultConfigurationIsVisible = 0;
		};
/* End XCConfigurationList section */
	};
	rootObject = 1A49AE9A1BBD5D4F00E9A2BD /* Project object */;
}
